{
  "name": "srag.srtitle",
  "requires": true,
  "lockfileVersion": 1,
  "dependencies": {
    "@iconfu/svg-inject": {
      "version": "1.2.1",
      "resolved": "https://registry.npmjs.org/@iconfu/svg-inject/-/svg-inject-1.2.1.tgz",
      "integrity": "sha512-leW2h06tD2Fh17JDcM7Rat12HM6V31k8+5TY2c+doOC7Mj3g00PoSGVzoYrDVP9U+3yXB6dEueuQgyAI06kw3w=="
    }
  }
}
