# THIS IS AN AUTOGENERATED FILE. DO NOT EDIT THIS FILE DIRECTLY.
# yarn lockfile v1


"@iconfu/svg-inject@1.2.3":
  version "1.2.3"
  resolved "https://registry.yarnpkg.com/@iconfu/svg-inject/-/svg-inject-1.2.3.tgz#17ab680b382859e6121cf523cd3879bf15c88732"
  integrity sha512-3v1MUAJqmJS4jmhHoCkSxt+EdJrjPHlLXrWocCT25kCxnxJto8028Z6CC406EL11KA53SDZgI/QQA5GEJAoiRw==
